
Microsoft Visual Studio Solution File, Format Version 12.00
# Visual Studio Version 16
VisualStudioVersion = 16.0.30114.105
MinimumVisualStudioVersion = 10.0.40219.1
Project("{FAE04EC0-301F-11D3-BF4B-00C04F79EFBC}") = "NewProject", "NewProject\NewProject.csproj", "{FF31F5DA-2BBF-4058-8054-5AC28E7FA1BB}"
EndProject
Project("{FAE04EC0-301F-11D3-BF4B-00C04F79EFBC}") = "BusinessLayer", "BusinessLayer\BusinessLayer.csproj", "{27DF9CE9-6105-4965-9228-BFB24BDE900B}"
EndProject
Project("{FAE04EC0-301F-11D3-BF4B-00C04F79EFBC}") = "CommonLayer", "CommonLayer\CommonLayer.csproj", "{3C49816D-AF33-44C1-BF47-5039BC9CA745}"
EndProject
Project("{FAE04EC0-301F-11D3-BF4B-00C04F79EFBC}") = "RepositoryLayer", "RepositoryLayer\RepositoryLayer.csproj", "{2BC5B15B-89B3-490F-B7FA-A804DF3511B3}"
EndProject
Global
	GlobalSection(SolutionConfigurationPlatforms) = preSolution
		Debug|Any CPU = Debug|Any CPU
		Release|Any CPU = Release|Any CPU
	EndGlobalSection
	GlobalSection(ProjectConfigurationPlatforms) = postSolution
		{FF31F5DA-2BBF-4058-8054-5AC28E7FA1BB}.Debug|Any CPU.ActiveCfg = Debug|Any CPU
		{FF31F5DA-2BBF-4058-8054-5AC28E7FA1BB}.Debug|Any CPU.Build.0 = Debug|Any CPU
		{FF31F5DA-2BBF-4058-8054-5AC28E7FA1BB}.Release|Any CPU.ActiveCfg = Release|Any CPU
		{FF31F5DA-2BBF-4058-8054-5AC28E7FA1BB}.Release|Any CPU.Build.0 = Release|Any CPU
		{27DF9CE9-6105-4965-9228-BFB24BDE900B}.Debug|Any CPU.ActiveCfg = Debug|Any CPU
		{27DF9CE9-6105-4965-9228-BFB24BDE900B}.Debug|Any CPU.Build.0 = Debug|Any CPU
		{27DF9CE9-6105-4965-9228-BFB24BDE900B}.Release|Any CPU.ActiveCfg = Release|Any CPU
		{27DF9CE9-6105-4965-9228-BFB24BDE900B}.Release|Any CPU.Build.0 = Release|Any CPU
		{3C49816D-AF33-44C1-BF47-5039BC9CA745}.Debug|Any CPU.ActiveCfg = Debug|Any CPU
		{3C49816D-AF33-44C1-BF47-5039BC9CA745}.Debug|Any CPU.Build.0 = Debug|Any CPU
		{3C49816D-AF33-44C1-BF47-5039BC9CA745}.Release|Any CPU.ActiveCfg = Release|Any CPU
		{3C49816D-AF33-44C1-BF47-5039BC9CA745}.Release|Any CPU.Build.0 = Release|Any CPU
		{2BC5B15B-89B3-490F-B7FA-A804DF3511B3}.Debug|Any CPU.ActiveCfg = Debug|Any CPU
		{2BC5B15B-89B3-490F-B7FA-A804DF3511B3}.Debug|Any CPU.Build.0 = Debug|Any CPU
		{2BC5B15B-89B3-490F-B7FA-A804DF3511B3}.Release|Any CPU.ActiveCfg = Release|Any CPU
		{2BC5B15B-89B3-490F-B7FA-A804DF3511B3}.Release|Any CPU.Build.0 = Release|Any CPU
	EndGlobalSection
	GlobalSection(SolutionProperties) = preSolution
		HideSolutionNode = FALSE
	EndGlobalSection
	GlobalSection(ExtensibilityGlobals) = postSolution
		SolutionGuid = {04DCFDB3-2035-47B6-8EBB-BB30A7F51381}
	EndGlobalSection
EndGlobal
